
Microsoft Visual Studio Solution File, Format Version 12.00
# Visual Studio Version 16
VisualStudioVersion = 16.0.29025.244
MinimumVisualStudioVersion = 10.0.40219.1
Project("{FAE04EC0-301F-11D3-BF4B-00C04F79EFBC}") = "CustomPopupLayout", "CustomPopupLayout\CustomPopupLayout.csproj", "{DDDADC13-73C2-404F-A010-E74C435F806E}"
EndProject
Project("{2150E333-8FDC-42A3-9474-1A3956D46DE8}") = "ScreenShots", "ScreenShots", "{A9CA585D-4FDE-4F35-B716-2F0B4282C541}"
EndProject
Global
	GlobalSection(SolutionConfigurationPlatforms) = preSolution
		Debug|Any CPU = Debug|Any CPU
		Release|Any CPU = Release|Any CPU
	EndGlobalSection
	GlobalSection(ProjectConfigurationPlatforms) = postSolution
		{DDDADC13-73C2-404F-A010-E74C435F806E}.Debug|Any CPU.ActiveCfg = Debug|Any CPU
		{DDDADC13-73C2-404F-A010-E74C435F806E}.Debug|Any CPU.Build.0 = Debug|Any CPU
		{DDDADC13-73C2-404F-A010-E74C435F806E}.Debug|Any CPU.Deploy.0 = Debug|Any CPU
		{DDDADC13-73C2-404F-A010-E74C435F806E}.Release|Any CPU.ActiveCfg = Release|Any CPU
		{DDDADC13-73C2-404F-A010-E74C435F806E}.Release|Any CPU.Build.0 = Release|Any CPU
		{DDDADC13-73C2-404F-A010-E74C435F806E}.Release|Any CPU.Deploy.0 = Release|Any CPU
	EndGlobalSection
	GlobalSection(SolutionProperties) = preSolution
		HideSolutionNode = FALSE
	EndGlobalSection
	GlobalSection(ExtensibilityGlobals) = postSolution
		SolutionGuid = {201B9397-A308-4728-B9B9-AB455C7C8467}
	EndGlobalSection
EndGlobal
